
Microsoft Visual Studio Solution File, Format Version 12.00
# Visual Studio Version 17
VisualStudioVersion = 17.11.35327.3
MinimumVisualStudioVersion = 10.0.40219.1
Project("{FAE04EC0-301F-11D3-BF4B-00C04F79EFBC}") = "laba3-29", "laba3-29\laba3-29.csproj", "{791B8CA2-193B-4BDE-AF5C-421B4CF31CEA}"
EndProject
Global
	GlobalSection(SolutionConfigurationPlatforms) = preSolution
		Debug|Any CPU = Debug|Any CPU
		Release|Any CPU = Release|Any CPU
	EndGlobalSection
	GlobalSection(ProjectConfigurationPlatforms) = postSolution
		{791B8CA2-193B-4BDE-AF5C-421B4CF31CEA}.Debug|Any CPU.ActiveCfg = Debug|Any CPU
		{791B8CA2-193B-4BDE-AF5C-421B4CF31CEA}.Debug|Any CPU.Build.0 = Debug|Any CPU
		{791B8CA2-193B-4BDE-AF5C-421B4CF31CEA}.Release|Any CPU.ActiveCfg = Release|Any CPU
		{791B8CA2-193B-4BDE-AF5C-421B4CF31CEA}.Release|Any CPU.Build.0 = Release|Any CPU
	EndGlobalSection
	GlobalSection(SolutionProperties) = preSolution
		HideSolutionNode = FALSE
	EndGlobalSection
	GlobalSection(ExtensibilityGlobals) = postSolution
		SolutionGuid = {ED4C25E6-EB45-41E8-BEC2-63E09771A7C1}
	EndGlobalSection
EndGlobal
